
Microsoft Visual Studio Solution File, Format Version 12.00
# Visual Studio Version 17
VisualStudioVersion = 17.0.31903.59
MinimumVisualStudioVersion = 10.0.40219.1
Project("{2150E333-8FDC-42A3-9474-1A3956D46DE8}") = "src", "src", "{827E0CD3-B72D-47B6-A68D-7590B98EB39B}"
EndProject
Project("{2150E333-8FDC-42A3-9474-1A3956D46DE8}") = "Gateway", "Gateway", "{6306A8FB-679E-111F-6585-8F70E0EE6013}"
EndProject
Project("{FAE04EC0-301F-11D3-BF4B-00C04F79EFBC}") = "Gateway", "src\Gateway\Gateway\Gateway.csproj", "{33BFF0E2-7BF8-47F6-9EE2-DA460E88B175}"
EndProject
Project("{2150E333-8FDC-42A3-9474-1A3956D46DE8}") = "Shared", "Shared", "{C8E42992-5E42-0C2B-DBFE-AA848D06431C}"
EndProject
Project("{FAE04EC0-301F-11D3-BF4B-00C04F79EFBC}") = "Shared", "src\Shared\Shared\Shared.csproj", "{2D51CE95-F452-4DD1-82CD-78125E7EF020}"
EndProject
Project("{2150E333-8FDC-42A3-9474-1A3956D46DE8}") = "Services", "Services", "{984BB9B3-3FA3-BE33-9484-CAC21695A33C}"
EndProject
Project("{2150E333-8FDC-42A3-9474-1A3956D46DE8}") = "UserService", "UserService", "{A52FF9A7-1006-A729-7F26-021652E10080}"
EndProject
Project("{FAE04EC0-301F-11D3-BF4B-00C04F79EFBC}") = "UserService", "src\Services\UserService\UserService\UserService.csproj", "{88DAF9F5-D400-42D0-A1B6-7DBF108E09D3}"
EndProject
Project("{2150E333-8FDC-42A3-9474-1A3956D46DE8}") = "ProductService", "ProductService", "{C956A69C-8222-8E0F-7E05-45145B4D88F9}"
EndProject
Project("{FAE04EC0-301F-11D3-BF4B-00C04F79EFBC}") = "ProductService", "src\Services\ProductService\ProductService\ProductService.csproj", "{FB1FF16F-35A9-45BB-BE75-782266D696D6}"
EndProject
Global
	GlobalSection(SolutionConfigurationPlatforms) = preSolution
		Debug|Any CPU = Debug|Any CPU
		Debug|x64 = Debug|x64
		Debug|x86 = Debug|x86
		Release|Any CPU = Release|Any CPU
		Release|x64 = Release|x64
		Release|x86 = Release|x86
	EndGlobalSection
	GlobalSection(ProjectConfigurationPlatforms) = postSolution
		{33BFF0E2-7BF8-47F6-9EE2-DA460E88B175}.Debug|Any CPU.ActiveCfg = Debug|Any CPU
		{33BFF0E2-7BF8-47F6-9EE2-DA460E88B175}.Debug|Any CPU.Build.0 = Debug|Any CPU
		{33BFF0E2-7BF8-47F6-9EE2-DA460E88B175}.Debug|x64.ActiveCfg = Debug|Any CPU
		{33BFF0E2-7BF8-47F6-9EE2-DA460E88B175}.Debug|x64.Build.0 = Debug|Any CPU
		{33BFF0E2-7BF8-47F6-9EE2-DA460E88B175}.Debug|x86.ActiveCfg = Debug|Any CPU
		{33BFF0E2-7BF8-47F6-9EE2-DA460E88B175}.Debug|x86.Build.0 = Debug|Any CPU
		{33BFF0E2-7BF8-47F6-9EE2-DA460E88B175}.Release|Any CPU.ActiveCfg = Release|Any CPU
		{33BFF0E2-7BF8-47F6-9EE2-DA460E88B175}.Release|Any CPU.Build.0 = Release|Any CPU
		{33BFF0E2-7BF8-47F6-9EE2-DA460E88B175}.Release|x64.ActiveCfg = Release|Any CPU
		{33BFF0E2-7BF8-47F6-9EE2-DA460E88B175}.Release|x64.Build.0 = Release|Any CPU
		{33BFF0E2-7BF8-47F6-9EE2-DA460E88B175}.Release|x86.ActiveCfg = Release|Any CPU
		{33BFF0E2-7BF8-47F6-9EE2-DA460E88B175}.Release|x86.Build.0 = Release|Any CPU
		{2D51CE95-F452-4DD1-82CD-78125E7EF020}.Debug|Any CPU.ActiveCfg = Debug|Any CPU
		{2D51CE95-F452-4DD1-82CD-78125E7EF020}.Debug|Any CPU.Build.0 = Debug|Any CPU
		{2D51CE95-F452-4DD1-82CD-78125E7EF020}.Debug|x64.ActiveCfg = Debug|Any CPU
		{2D51CE95-F452-4DD1-82CD-78125E7EF020}.Debug|x64.Build.0 = Debug|Any CPU
		{2D51CE95-F452-4DD1-82CD-78125E7EF020}.Debug|x86.ActiveCfg = Debug|Any CPU
		{2D51CE95-F452-4DD1-82CD-78125E7EF020}.Debug|x86.Build.0 = Debug|Any CPU
		{2D51CE95-F452-4DD1-82CD-78125E7EF020}.Release|Any CPU.ActiveCfg = Release|Any CPU
		{2D51CE95-F452-4DD1-82CD-78125E7EF020}.Release|Any CPU.Build.0 = Release|Any CPU
		{2D51CE95-F452-4DD1-82CD-78125E7EF020}.Release|x64.ActiveCfg = Release|Any CPU
		{2D51CE95-F452-4DD1-82CD-78125E7EF020}.Release|x64.Build.0 = Release|Any CPU
		{2D51CE95-F452-4DD1-82CD-78125E7EF020}.Release|x86.ActiveCfg = Release|Any CPU
		{2D51CE95-F452-4DD1-82CD-78125E7EF020}.Release|x86.Build.0 = Release|Any CPU
		{88DAF9F5-D400-42D0-A1B6-7DBF108E09D3}.Debug|Any CPU.ActiveCfg = Debug|Any CPU
		{88DAF9F5-D400-42D0-A1B6-7DBF108E09D3}.Debug|Any CPU.Build.0 = Debug|Any CPU
		{88DAF9F5-D400-42D0-A1B6-7DBF108E09D3}.Debug|x64.ActiveCfg = Debug|Any CPU
		{88DAF9F5-D400-42D0-A1B6-7DBF108E09D3}.Debug|x64.Build.0 = Debug|Any CPU
		{88DAF9F5-D400-42D0-A1B6-7DBF108E09D3}.Debug|x86.ActiveCfg = Debug|Any CPU
		{88DAF9F5-D400-42D0-A1B6-7DBF108E09D3}.Debug|x86.Build.0 = Debug|Any CPU
		{88DAF9F5-D400-42D0-A1B6-7DBF108E09D3}.Release|Any CPU.ActiveCfg = Release|Any CPU
		{88DAF9F5-D400-42D0-A1B6-7DBF108E09D3}.Release|Any CPU.Build.0 = Release|Any CPU
		{88DAF9F5-D400-42D0-A1B6-7DBF108E09D3}.Release|x64.ActiveCfg = Release|Any CPU
		{88DAF9F5-D400-42D0-A1B6-7DBF108E09D3}.Release|x64.Build.0 = Release|Any CPU
		{88DAF9F5-D400-42D0-A1B6-7DBF108E09D3}.Release|x86.ActiveCfg = Release|Any CPU
		{88DAF9F5-D400-42D0-A1B6-7DBF108E09D3}.Release|x86.Build.0 = Release|Any CPU
		{FB1FF16F-35A9-45BB-BE75-782266D696D6}.Debug|Any CPU.ActiveCfg = Debug|Any CPU
		{FB1FF16F-35A9-45BB-BE75-782266D696D6}.Debug|Any CPU.Build.0 = Debug|Any CPU
		{FB1FF16F-35A9-45BB-BE75-782266D696D6}.Debug|x64.ActiveCfg = Debug|Any CPU
		{FB1FF16F-35A9-45BB-BE75-782266D696D6}.Debug|x64.Build.0 = Debug|Any CPU
		{FB1FF16F-35A9-45BB-BE75-782266D696D6}.Debug|x86.ActiveCfg = Debug|Any CPU
		{FB1FF16F-35A9-45BB-BE75-782266D696D6}.Debug|x86.Build.0 = Debug|Any CPU
		{FB1FF16F-35A9-45BB-BE75-782266D696D6}.Release|Any CPU.ActiveCfg = Release|Any CPU
		{FB1FF16F-35A9-45BB-BE75-782266D696D6}.Release|Any CPU.Build.0 = Release|Any CPU
		{FB1FF16F-35A9-45BB-BE75-782266D696D6}.Release|x64.ActiveCfg = Release|Any CPU
		{FB1FF16F-35A9-45BB-BE75-782266D696D6}.Release|x64.Build.0 = Release|Any CPU
		{FB1FF16F-35A9-45BB-BE75-782266D696D6}.Release|x86.ActiveCfg = Release|Any CPU
		{FB1FF16F-35A9-45BB-BE75-782266D696D6}.Release|x86.Build.0 = Release|Any CPU
	EndGlobalSection
	GlobalSection(SolutionProperties) = preSolution
		HideSolutionNode = FALSE
	EndGlobalSection
	GlobalSection(NestedProjects) = preSolution
		{6306A8FB-679E-111F-6585-8F70E0EE6013} = {827E0CD3-B72D-47B6-A68D-7590B98EB39B}
		{33BFF0E2-7BF8-47F6-9EE2-DA460E88B175} = {6306A8FB-679E-111F-6585-8F70E0EE6013}
		{C8E42992-5E42-0C2B-DBFE-AA848D06431C} = {827E0CD3-B72D-47B6-A68D-7590B98EB39B}
		{2D51CE95-F452-4DD1-82CD-78125E7EF020} = {C8E42992-5E42-0C2B-DBFE-AA848D06431C}
		{984BB9B3-3FA3-BE33-9484-CAC21695A33C} = {827E0CD3-B72D-47B6-A68D-7590B98EB39B}
		{A52FF9A7-1006-A729-7F26-021652E10080} = {984BB9B3-3FA3-BE33-9484-CAC21695A33C}
		{88DAF9F5-D400-42D0-A1B6-7DBF108E09D3} = {A52FF9A7-1006-A729-7F26-021652E10080}
		{C956A69C-8222-8E0F-7E05-45145B4D88F9} = {984BB9B3-3FA3-BE33-9484-CAC21695A33C}
		{FB1FF16F-35A9-45BB-BE75-782266D696D6} = {C956A69C-8222-8E0F-7E05-45145B4D88F9}
	EndGlobalSection
EndGlobal
