
Microsoft Visual Studio Solution File, Format Version 12.00
# Visual Studio Version 17
VisualStudioVersion = 17.0.31903.59
MinimumVisualStudioVersion = 10.0.40219.1
Project("{2150E333-8FDC-42A3-9474-1A3956D46DE8}") = "src", "src", "{827E0CD3-B72D-47B6-A68D-7590B98EB39B}"
EndProject
Project("{2150E333-8FDC-42A3-9474-1A3956D46DE8}") = "Gateway", "Gateway", "{6306A8FB-679E-111F-6585-8F70E0EE6013}"
EndProject
Project("{FAE04EC0-301F-11D3-BF4B-00C04F79EFBC}") = "Gateway", "src\Gateway\Gateway\Gateway.csproj", "{33BFF0E2-7BF8-47F6-9EE2-DA460E88B175}"
EndProject
Project("{2150E333-8FDC-42A3-9474-1A3956D46DE8}") = "Shared", "Shared", "{C8E42992-5E42-0C2B-DBFE-AA848D06431C}"
EndProject
Project("{FAE04EC0-301F-11D3-BF4B-00C04F79EFBC}") = "Shared", "src\Shared\Shared\Shared.csproj", "{2D51CE95-F452-4DD1-82CD-78125E7EF020}"
EndProject
Project("{2150E333-8FDC-42A3-9474-1A3956D46DE8}") = "Services", "Services", "{984BB9B3-3FA3-BE33-9484-CAC21695A33C}"
EndProject
Project("{2150E333-8FDC-42A3-9474-1A3956D46DE8}") = "UserService", "UserService", "{A52FF9A7-1006-A729-7F26-021652E10080}"
EndProject
Project("{FAE04EC0-301F-11D3-BF4B-00C04F79EFBC}") = "UserService", "src\Services\UserService\UserService\UserService.csproj", "{88DAF9F5-D400-42D0-A1B6-7DBF108E09D3}"
EndProject
Project("{2150E333-8FDC-42A3-9474-1A3956D46DE8}") = "ProductService", "ProductService", "{C956A69C-8222-8E0F-7E05-45145B4D88F9}"
EndProject
Project("{FAE04EC0-301F-11D3-BF4B-00C04F79EFBC}") = "ProductService", "src\Services\ProductService\ProductService\ProductService.csproj", "{FB1FF16F-35A9-45BB-BE75-782266D696D6}"
EndProject
Project("{2150E333-8FDC-42A3-9474-1A3956D46DE8}") = "DocumentService", "DocumentService", "{4D0BF751-9970-891D-8F71-4478B7F5662F}"
EndProject
Project("{FAE04EC0-301F-11D3-BF4B-00C04F79EFBC}") = "DocumentService", "src\Services\DocumentService\DocumentService\DocumentService.csproj", "{3D66A6E3-B415-49AE-9E8F-014ACCBB9A5B}"
EndProject
Project("{2150E333-8FDC-42A3-9474-1A3956D46DE8}") = "CityService", "CityService", "{A721E1B4-BA65-BF24-11F9-4498FD51A5DE}"
EndProject
Project("{FAE04EC0-301F-11D3-BF4B-00C04F79EFBC}") = "CityService", "src\Services\CityService\CityService\CityService.csproj", "{8938D0EB-271A-4873-AC26-3A25F2194CDC}"
EndProject
Project("{2150E333-8FDC-42A3-9474-1A3956D46DE8}") = "CoworkingService", "CoworkingService", "{C6775C92-6EBC-96F9-E829-0A813396CD78}"
EndProject
Project("{FAE04EC0-301F-11D3-BF4B-00C04F79EFBC}") = "CoworkingService", "src\Services\CoworkingService\CoworkingService\CoworkingService.csproj", "{6BFAAA98-2E45-4345-A5EC-91762146D3F2}"
EndProject
Project("{2150E333-8FDC-42A3-9474-1A3956D46DE8}") = "AccommodationService", "AccommodationService", "{A1520A7D-C466-13D3-C66B-F11C279F3B6E}"
EndProject
Project("{FAE04EC0-301F-11D3-BF4B-00C04F79EFBC}") = "AccommodationService", "src\Services\AccommodationService\AccommodationService\AccommodationService.csproj", "{822CA19F-4D72-42AF-9434-FE0CCEC7204F}"
EndProject
Project("{2150E333-8FDC-42A3-9474-1A3956D46DE8}") = "EventService", "EventService", "{9CC551B7-1AAF-A9B2-EB48-5B20860C10E0}"
EndProject
Project("{FAE04EC0-301F-11D3-BF4B-00C04F79EFBC}") = "EventService", "src\Services\EventService\EventService\EventService.csproj", "{9F510A39-174F-4A73-960C-698A65CFB574}"
EndProject
Project("{2150E333-8FDC-42A3-9474-1A3956D46DE8}") = "InnovationService", "InnovationService", "{97BAD43A-F2C2-7529-1CCA-3E67E9507A1D}"
EndProject
Project("{FAE04EC0-301F-11D3-BF4B-00C04F79EFBC}") = "InnovationService", "src\Services\InnovationService\InnovationService\InnovationService.csproj", "{ACC7353C-A5A7-4C23-9808-599A75C1E2F7}"
EndProject
Project("{2150E333-8FDC-42A3-9474-1A3956D46DE8}") = "AIService", "AIService", "{A8F23D7E-1B2C-4F5E-9D89-3C4B5A6E7F80}"
EndProject
Project("{FAE04EC0-301F-11D3-BF4B-00C04F79EFBC}") = "AIService", "src\Services\AIService\AIService\AIService.csproj", "{B9E42F1A-2C3D-4E5F-8A90-1D2E3F4A5B6C}"
EndProject
Project("{2150E333-8FDC-42A3-9474-1A3956D46DE8}") = "SearchService", "SearchService", "{D5A21E8F-3B4C-5F6E-9E12-4C5D6A7B8C9D}"
EndProject
Project("{FAE04EC0-301F-11D3-BF4B-00C04F79EFBC}") = "SearchService", "src\Services\SearchService\SearchService\SearchService.csproj", "{E6B32F2A-4D5E-6F7A-AB23-5D6E7F8A9B0C}"
EndProject
Project("{2150E333-8FDC-42A3-9474-1A3956D46DE8}") = "MessageService", "MessageService", "{BF25C9B7-B4D0-EFC7-743D-2BCB012DDE90}"
EndProject
Project("{2150E333-8FDC-42A3-9474-1A3956D46DE8}") = "MessageService", "MessageService", "{7C33ED57-9A2D-503C-765B-9E14DAEE6459}"
EndProject
Project("{2150E333-8FDC-42A3-9474-1A3956D46DE8}") = "API", "API", "{C29A0CAC-8475-D999-CF9C-F111D5791B99}"
EndProject
Project("{FAE04EC0-301F-11D3-BF4B-00C04F79EFBC}") = "MessageService", "src\Services\MessageService\MessageService\API\MessageService.csproj", "{C74AEFB1-4413-4715-965F-43121529138B}"
EndProject
Project("{2150E333-8FDC-42A3-9474-1A3956D46DE8}") = "Application", "Application", "{BD11CE8C-60D3-C5F5-04F7-9D4C204C16C4}"
EndProject
Project("{FAE04EC0-301F-11D3-BF4B-00C04F79EFBC}") = "MessageService.Application", "src\Services\MessageService\MessageService\Application\MessageService.Application.csproj", "{1F058D04-2007-4BB7-9717-2BCB1AD906CB}"
EndProject
Project("{2150E333-8FDC-42A3-9474-1A3956D46DE8}") = "Domain", "Domain", "{3ABFB6D8-5D88-1CA8-4A8C-8F0183238F65}"
EndProject
Project("{FAE04EC0-301F-11D3-BF4B-00C04F79EFBC}") = "MessageService.Domain", "src\Services\MessageService\MessageService\Domain\MessageService.Domain.csproj", "{9A9AADE7-C3FD-4444-B0DC-76EDBCDBAB86}"
EndProject
Project("{2150E333-8FDC-42A3-9474-1A3956D46DE8}") = "Infrastructure", "Infrastructure", "{3F43EC32-C572-8A44-C4AA-50E8FA13E3EB}"
EndProject
Project("{FAE04EC0-301F-11D3-BF4B-00C04F79EFBC}") = "MessageService.Infrastructure", "src\Services\MessageService\MessageService\Infrastructure\MessageService.Infrastructure.csproj", "{27AE4AA0-DA35-43C8-B254-465D54DE3C01}"
EndProject
Global
	GlobalSection(SolutionConfigurationPlatforms) = preSolution
		Debug|Any CPU = Debug|Any CPU
		Debug|x64 = Debug|x64
		Debug|x86 = Debug|x86
		Release|Any CPU = Release|Any CPU
		Release|x64 = Release|x64
		Release|x86 = Release|x86
	EndGlobalSection
	GlobalSection(ProjectConfigurationPlatforms) = postSolution
		{33BFF0E2-7BF8-47F6-9EE2-DA460E88B175}.Debug|Any CPU.ActiveCfg = Debug|Any CPU
		{33BFF0E2-7BF8-47F6-9EE2-DA460E88B175}.Debug|Any CPU.Build.0 = Debug|Any CPU
		{33BFF0E2-7BF8-47F6-9EE2-DA460E88B175}.Debug|x64.ActiveCfg = Debug|Any CPU
		{33BFF0E2-7BF8-47F6-9EE2-DA460E88B175}.Debug|x64.Build.0 = Debug|Any CPU
		{33BFF0E2-7BF8-47F6-9EE2-DA460E88B175}.Debug|x86.ActiveCfg = Debug|Any CPU
		{33BFF0E2-7BF8-47F6-9EE2-DA460E88B175}.Debug|x86.Build.0 = Debug|Any CPU
		{33BFF0E2-7BF8-47F6-9EE2-DA460E88B175}.Release|Any CPU.ActiveCfg = Release|Any CPU
		{33BFF0E2-7BF8-47F6-9EE2-DA460E88B175}.Release|Any CPU.Build.0 = Release|Any CPU
		{33BFF0E2-7BF8-47F6-9EE2-DA460E88B175}.Release|x64.ActiveCfg = Release|Any CPU
		{33BFF0E2-7BF8-47F6-9EE2-DA460E88B175}.Release|x64.Build.0 = Release|Any CPU
		{33BFF0E2-7BF8-47F6-9EE2-DA460E88B175}.Release|x86.ActiveCfg = Release|Any CPU
		{33BFF0E2-7BF8-47F6-9EE2-DA460E88B175}.Release|x86.Build.0 = Release|Any CPU
		{2D51CE95-F452-4DD1-82CD-78125E7EF020}.Debug|Any CPU.ActiveCfg = Debug|Any CPU
		{2D51CE95-F452-4DD1-82CD-78125E7EF020}.Debug|Any CPU.Build.0 = Debug|Any CPU
		{2D51CE95-F452-4DD1-82CD-78125E7EF020}.Debug|x64.ActiveCfg = Debug|Any CPU
		{2D51CE95-F452-4DD1-82CD-78125E7EF020}.Debug|x64.Build.0 = Debug|Any CPU
		{2D51CE95-F452-4DD1-82CD-78125E7EF020}.Debug|x86.ActiveCfg = Debug|Any CPU
		{2D51CE95-F452-4DD1-82CD-78125E7EF020}.Debug|x86.Build.0 = Debug|Any CPU
		{2D51CE95-F452-4DD1-82CD-78125E7EF020}.Release|Any CPU.ActiveCfg = Release|Any CPU
		{2D51CE95-F452-4DD1-82CD-78125E7EF020}.Release|Any CPU.Build.0 = Release|Any CPU
		{2D51CE95-F452-4DD1-82CD-78125E7EF020}.Release|x64.ActiveCfg = Release|Any CPU
		{2D51CE95-F452-4DD1-82CD-78125E7EF020}.Release|x64.Build.0 = Release|Any CPU
		{2D51CE95-F452-4DD1-82CD-78125E7EF020}.Release|x86.ActiveCfg = Release|Any CPU
		{2D51CE95-F452-4DD1-82CD-78125E7EF020}.Release|x86.Build.0 = Release|Any CPU
		{88DAF9F5-D400-42D0-A1B6-7DBF108E09D3}.Debug|Any CPU.ActiveCfg = Debug|Any CPU
		{88DAF9F5-D400-42D0-A1B6-7DBF108E09D3}.Debug|Any CPU.Build.0 = Debug|Any CPU
		{88DAF9F5-D400-42D0-A1B6-7DBF108E09D3}.Debug|x64.ActiveCfg = Debug|Any CPU
		{88DAF9F5-D400-42D0-A1B6-7DBF108E09D3}.Debug|x64.Build.0 = Debug|Any CPU
		{88DAF9F5-D400-42D0-A1B6-7DBF108E09D3}.Debug|x86.ActiveCfg = Debug|Any CPU
		{88DAF9F5-D400-42D0-A1B6-7DBF108E09D3}.Debug|x86.Build.0 = Debug|Any CPU
		{88DAF9F5-D400-42D0-A1B6-7DBF108E09D3}.Release|Any CPU.ActiveCfg = Release|Any CPU
		{88DAF9F5-D400-42D0-A1B6-7DBF108E09D3}.Release|Any CPU.Build.0 = Release|Any CPU
		{88DAF9F5-D400-42D0-A1B6-7DBF108E09D3}.Release|x64.ActiveCfg = Release|Any CPU
		{88DAF9F5-D400-42D0-A1B6-7DBF108E09D3}.Release|x64.Build.0 = Release|Any CPU
		{88DAF9F5-D400-42D0-A1B6-7DBF108E09D3}.Release|x86.ActiveCfg = Release|Any CPU
		{88DAF9F5-D400-42D0-A1B6-7DBF108E09D3}.Release|x86.Build.0 = Release|Any CPU
		{FB1FF16F-35A9-45BB-BE75-782266D696D6}.Debug|Any CPU.ActiveCfg = Debug|Any CPU
		{FB1FF16F-35A9-45BB-BE75-782266D696D6}.Debug|Any CPU.Build.0 = Debug|Any CPU
		{FB1FF16F-35A9-45BB-BE75-782266D696D6}.Debug|x64.ActiveCfg = Debug|Any CPU
		{FB1FF16F-35A9-45BB-BE75-782266D696D6}.Debug|x64.Build.0 = Debug|Any CPU
		{FB1FF16F-35A9-45BB-BE75-782266D696D6}.Debug|x86.ActiveCfg = Debug|Any CPU
		{FB1FF16F-35A9-45BB-BE75-782266D696D6}.Debug|x86.Build.0 = Debug|Any CPU
		{FB1FF16F-35A9-45BB-BE75-782266D696D6}.Release|Any CPU.ActiveCfg = Release|Any CPU
		{FB1FF16F-35A9-45BB-BE75-782266D696D6}.Release|Any CPU.Build.0 = Release|Any CPU
		{FB1FF16F-35A9-45BB-BE75-782266D696D6}.Release|x64.ActiveCfg = Release|Any CPU
		{FB1FF16F-35A9-45BB-BE75-782266D696D6}.Release|x64.Build.0 = Release|Any CPU
		{FB1FF16F-35A9-45BB-BE75-782266D696D6}.Release|x86.ActiveCfg = Release|Any CPU
		{FB1FF16F-35A9-45BB-BE75-782266D696D6}.Release|x86.Build.0 = Release|Any CPU
		{3D66A6E3-B415-49AE-9E8F-014ACCBB9A5B}.Debug|Any CPU.ActiveCfg = Debug|Any CPU
		{3D66A6E3-B415-49AE-9E8F-014ACCBB9A5B}.Debug|Any CPU.Build.0 = Debug|Any CPU
		{3D66A6E3-B415-49AE-9E8F-014ACCBB9A5B}.Debug|x64.ActiveCfg = Debug|Any CPU
		{3D66A6E3-B415-49AE-9E8F-014ACCBB9A5B}.Debug|x64.Build.0 = Debug|Any CPU
		{3D66A6E3-B415-49AE-9E8F-014ACCBB9A5B}.Debug|x86.ActiveCfg = Debug|Any CPU
		{3D66A6E3-B415-49AE-9E8F-014ACCBB9A5B}.Debug|x86.Build.0 = Debug|Any CPU
		{3D66A6E3-B415-49AE-9E8F-014ACCBB9A5B}.Release|Any CPU.ActiveCfg = Release|Any CPU
		{3D66A6E3-B415-49AE-9E8F-014ACCBB9A5B}.Release|Any CPU.Build.0 = Release|Any CPU
		{3D66A6E3-B415-49AE-9E8F-014ACCBB9A5B}.Release|x64.ActiveCfg = Release|Any CPU
		{3D66A6E3-B415-49AE-9E8F-014ACCBB9A5B}.Release|x64.Build.0 = Release|Any CPU
		{3D66A6E3-B415-49AE-9E8F-014ACCBB9A5B}.Release|x86.ActiveCfg = Release|Any CPU
		{3D66A6E3-B415-49AE-9E8F-014ACCBB9A5B}.Release|x86.Build.0 = Release|Any CPU
		{8938D0EB-271A-4873-AC26-3A25F2194CDC}.Debug|Any CPU.ActiveCfg = Debug|Any CPU
		{8938D0EB-271A-4873-AC26-3A25F2194CDC}.Debug|Any CPU.Build.0 = Debug|Any CPU
		{8938D0EB-271A-4873-AC26-3A25F2194CDC}.Debug|x64.ActiveCfg = Debug|Any CPU
		{8938D0EB-271A-4873-AC26-3A25F2194CDC}.Debug|x64.Build.0 = Debug|Any CPU
		{8938D0EB-271A-4873-AC26-3A25F2194CDC}.Debug|x86.ActiveCfg = Debug|Any CPU
		{8938D0EB-271A-4873-AC26-3A25F2194CDC}.Debug|x86.Build.0 = Debug|Any CPU
		{8938D0EB-271A-4873-AC26-3A25F2194CDC}.Release|Any CPU.ActiveCfg = Release|Any CPU
		{8938D0EB-271A-4873-AC26-3A25F2194CDC}.Release|Any CPU.Build.0 = Release|Any CPU
		{8938D0EB-271A-4873-AC26-3A25F2194CDC}.Release|x64.ActiveCfg = Release|Any CPU
		{8938D0EB-271A-4873-AC26-3A25F2194CDC}.Release|x64.Build.0 = Release|Any CPU
		{8938D0EB-271A-4873-AC26-3A25F2194CDC}.Release|x86.ActiveCfg = Release|Any CPU
		{8938D0EB-271A-4873-AC26-3A25F2194CDC}.Release|x86.Build.0 = Release|Any CPU
		{6BFAAA98-2E45-4345-A5EC-91762146D3F2}.Debug|Any CPU.ActiveCfg = Debug|Any CPU
		{6BFAAA98-2E45-4345-A5EC-91762146D3F2}.Debug|Any CPU.Build.0 = Debug|Any CPU
		{6BFAAA98-2E45-4345-A5EC-91762146D3F2}.Debug|x64.ActiveCfg = Debug|Any CPU
		{6BFAAA98-2E45-4345-A5EC-91762146D3F2}.Debug|x64.Build.0 = Debug|Any CPU
		{6BFAAA98-2E45-4345-A5EC-91762146D3F2}.Debug|x86.ActiveCfg = Debug|Any CPU
		{6BFAAA98-2E45-4345-A5EC-91762146D3F2}.Debug|x86.Build.0 = Debug|Any CPU
		{6BFAAA98-2E45-4345-A5EC-91762146D3F2}.Release|Any CPU.ActiveCfg = Release|Any CPU
		{6BFAAA98-2E45-4345-A5EC-91762146D3F2}.Release|Any CPU.Build.0 = Release|Any CPU
		{6BFAAA98-2E45-4345-A5EC-91762146D3F2}.Release|x64.ActiveCfg = Release|Any CPU
		{6BFAAA98-2E45-4345-A5EC-91762146D3F2}.Release|x64.Build.0 = Release|Any CPU
		{6BFAAA98-2E45-4345-A5EC-91762146D3F2}.Release|x86.ActiveCfg = Release|Any CPU
		{6BFAAA98-2E45-4345-A5EC-91762146D3F2}.Release|x86.Build.0 = Release|Any CPU
		{822CA19F-4D72-42AF-9434-FE0CCEC7204F}.Debug|Any CPU.ActiveCfg = Debug|Any CPU
		{822CA19F-4D72-42AF-9434-FE0CCEC7204F}.Debug|Any CPU.Build.0 = Debug|Any CPU
		{822CA19F-4D72-42AF-9434-FE0CCEC7204F}.Debug|x64.ActiveCfg = Debug|Any CPU
		{822CA19F-4D72-42AF-9434-FE0CCEC7204F}.Debug|x64.Build.0 = Debug|Any CPU
		{822CA19F-4D72-42AF-9434-FE0CCEC7204F}.Debug|x86.ActiveCfg = Debug|Any CPU
		{822CA19F-4D72-42AF-9434-FE0CCEC7204F}.Debug|x86.Build.0 = Debug|Any CPU
		{822CA19F-4D72-42AF-9434-FE0CCEC7204F}.Release|Any CPU.ActiveCfg = Release|Any CPU
		{822CA19F-4D72-42AF-9434-FE0CCEC7204F}.Release|Any CPU.Build.0 = Release|Any CPU
		{822CA19F-4D72-42AF-9434-FE0CCEC7204F}.Release|x64.ActiveCfg = Release|Any CPU
		{822CA19F-4D72-42AF-9434-FE0CCEC7204F}.Release|x64.Build.0 = Release|Any CPU
		{822CA19F-4D72-42AF-9434-FE0CCEC7204F}.Release|x86.ActiveCfg = Release|Any CPU
		{822CA19F-4D72-42AF-9434-FE0CCEC7204F}.Release|x86.Build.0 = Release|Any CPU
		{9F510A39-174F-4A73-960C-698A65CFB574}.Debug|Any CPU.ActiveCfg = Debug|Any CPU
		{9F510A39-174F-4A73-960C-698A65CFB574}.Debug|Any CPU.Build.0 = Debug|Any CPU
		{9F510A39-174F-4A73-960C-698A65CFB574}.Debug|x64.ActiveCfg = Debug|Any CPU
		{9F510A39-174F-4A73-960C-698A65CFB574}.Debug|x64.Build.0 = Debug|Any CPU
		{9F510A39-174F-4A73-960C-698A65CFB574}.Debug|x86.ActiveCfg = Debug|Any CPU
		{9F510A39-174F-4A73-960C-698A65CFB574}.Debug|x86.Build.0 = Debug|Any CPU
		{9F510A39-174F-4A73-960C-698A65CFB574}.Release|Any CPU.ActiveCfg = Release|Any CPU
		{9F510A39-174F-4A73-960C-698A65CFB574}.Release|Any CPU.Build.0 = Release|Any CPU
		{9F510A39-174F-4A73-960C-698A65CFB574}.Release|x64.ActiveCfg = Release|Any CPU
		{9F510A39-174F-4A73-960C-698A65CFB574}.Release|x64.Build.0 = Release|Any CPU
		{9F510A39-174F-4A73-960C-698A65CFB574}.Release|x86.ActiveCfg = Release|Any CPU
		{9F510A39-174F-4A73-960C-698A65CFB574}.Release|x86.Build.0 = Release|Any CPU
		{ACC7353C-A5A7-4C23-9808-599A75C1E2F7}.Debug|Any CPU.ActiveCfg = Debug|Any CPU
		{ACC7353C-A5A7-4C23-9808-599A75C1E2F7}.Debug|Any CPU.Build.0 = Debug|Any CPU
		{ACC7353C-A5A7-4C23-9808-599A75C1E2F7}.Debug|x64.ActiveCfg = Debug|Any CPU
		{ACC7353C-A5A7-4C23-9808-599A75C1E2F7}.Debug|x64.Build.0 = Debug|Any CPU
		{ACC7353C-A5A7-4C23-9808-599A75C1E2F7}.Debug|x86.ActiveCfg = Debug|Any CPU
		{ACC7353C-A5A7-4C23-9808-599A75C1E2F7}.Debug|x86.Build.0 = Debug|Any CPU
		{ACC7353C-A5A7-4C23-9808-599A75C1E2F7}.Release|Any CPU.ActiveCfg = Release|Any CPU
		{ACC7353C-A5A7-4C23-9808-599A75C1E2F7}.Release|Any CPU.Build.0 = Release|Any CPU
		{ACC7353C-A5A7-4C23-9808-599A75C1E2F7}.Release|x64.ActiveCfg = Release|Any CPU
		{ACC7353C-A5A7-4C23-9808-599A75C1E2F7}.Release|x64.Build.0 = Release|Any CPU
		{ACC7353C-A5A7-4C23-9808-599A75C1E2F7}.Release|x86.ActiveCfg = Release|Any CPU
		{ACC7353C-A5A7-4C23-9808-599A75C1E2F7}.Release|x86.Build.0 = Release|Any CPU
		{B9E42F1A-2C3D-4E5F-8A90-1D2E3F4A5B6C}.Debug|Any CPU.ActiveCfg = Debug|Any CPU
		{B9E42F1A-2C3D-4E5F-8A90-1D2E3F4A5B6C}.Debug|Any CPU.Build.0 = Debug|Any CPU
		{B9E42F1A-2C3D-4E5F-8A90-1D2E3F4A5B6C}.Debug|x64.ActiveCfg = Debug|Any CPU
		{B9E42F1A-2C3D-4E5F-8A90-1D2E3F4A5B6C}.Debug|x64.Build.0 = Debug|Any CPU
		{B9E42F1A-2C3D-4E5F-8A90-1D2E3F4A5B6C}.Debug|x86.ActiveCfg = Debug|Any CPU
		{B9E42F1A-2C3D-4E5F-8A90-1D2E3F4A5B6C}.Debug|x86.Build.0 = Debug|Any CPU
		{B9E42F1A-2C3D-4E5F-8A90-1D2E3F4A5B6C}.Release|Any CPU.ActiveCfg = Release|Any CPU
		{B9E42F1A-2C3D-4E5F-8A90-1D2E3F4A5B6C}.Release|Any CPU.Build.0 = Release|Any CPU
		{B9E42F1A-2C3D-4E5F-8A90-1D2E3F4A5B6C}.Release|x64.ActiveCfg = Release|Any CPU
		{B9E42F1A-2C3D-4E5F-8A90-1D2E3F4A5B6C}.Release|x64.Build.0 = Release|Any CPU
		{B9E42F1A-2C3D-4E5F-8A90-1D2E3F4A5B6C}.Release|x86.ActiveCfg = Release|Any CPU
		{B9E42F1A-2C3D-4E5F-8A90-1D2E3F4A5B6C}.Release|x86.Build.0 = Release|Any CPU
		{C74AEFB1-4413-4715-965F-43121529138B}.Debug|Any CPU.ActiveCfg = Debug|Any CPU
		{C74AEFB1-4413-4715-965F-43121529138B}.Debug|Any CPU.Build.0 = Debug|Any CPU
		{C74AEFB1-4413-4715-965F-43121529138B}.Debug|x64.ActiveCfg = Debug|Any CPU
		{C74AEFB1-4413-4715-965F-43121529138B}.Debug|x64.Build.0 = Debug|Any CPU
		{C74AEFB1-4413-4715-965F-43121529138B}.Debug|x86.ActiveCfg = Debug|Any CPU
		{C74AEFB1-4413-4715-965F-43121529138B}.Debug|x86.Build.0 = Debug|Any CPU
		{C74AEFB1-4413-4715-965F-43121529138B}.Release|Any CPU.ActiveCfg = Release|Any CPU
		{C74AEFB1-4413-4715-965F-43121529138B}.Release|Any CPU.Build.0 = Release|Any CPU
		{C74AEFB1-4413-4715-965F-43121529138B}.Release|x64.ActiveCfg = Release|Any CPU
		{C74AEFB1-4413-4715-965F-43121529138B}.Release|x64.Build.0 = Release|Any CPU
		{C74AEFB1-4413-4715-965F-43121529138B}.Release|x86.ActiveCfg = Release|Any CPU
		{C74AEFB1-4413-4715-965F-43121529138B}.Release|x86.Build.0 = Release|Any CPU
		{1F058D04-2007-4BB7-9717-2BCB1AD906CB}.Debug|Any CPU.ActiveCfg = Debug|Any CPU
		{1F058D04-2007-4BB7-9717-2BCB1AD906CB}.Debug|Any CPU.Build.0 = Debug|Any CPU
		{1F058D04-2007-4BB7-9717-2BCB1AD906CB}.Debug|x64.ActiveCfg = Debug|Any CPU
		{1F058D04-2007-4BB7-9717-2BCB1AD906CB}.Debug|x64.Build.0 = Debug|Any CPU
		{1F058D04-2007-4BB7-9717-2BCB1AD906CB}.Debug|x86.ActiveCfg = Debug|Any CPU
		{1F058D04-2007-4BB7-9717-2BCB1AD906CB}.Debug|x86.Build.0 = Debug|Any CPU
		{1F058D04-2007-4BB7-9717-2BCB1AD906CB}.Release|Any CPU.ActiveCfg = Release|Any CPU
		{1F058D04-2007-4BB7-9717-2BCB1AD906CB}.Release|Any CPU.Build.0 = Release|Any CPU
		{1F058D04-2007-4BB7-9717-2BCB1AD906CB}.Release|x64.ActiveCfg = Release|Any CPU
		{1F058D04-2007-4BB7-9717-2BCB1AD906CB}.Release|x64.Build.0 = Release|Any CPU
		{1F058D04-2007-4BB7-9717-2BCB1AD906CB}.Release|x86.ActiveCfg = Release|Any CPU
		{1F058D04-2007-4BB7-9717-2BCB1AD906CB}.Release|x86.Build.0 = Release|Any CPU
		{9A9AADE7-C3FD-4444-B0DC-76EDBCDBAB86}.Debug|Any CPU.ActiveCfg = Debug|Any CPU
		{9A9AADE7-C3FD-4444-B0DC-76EDBCDBAB86}.Debug|Any CPU.Build.0 = Debug|Any CPU
		{9A9AADE7-C3FD-4444-B0DC-76EDBCDBAB86}.Debug|x64.ActiveCfg = Debug|Any CPU
		{9A9AADE7-C3FD-4444-B0DC-76EDBCDBAB86}.Debug|x64.Build.0 = Debug|Any CPU
		{9A9AADE7-C3FD-4444-B0DC-76EDBCDBAB86}.Debug|x86.ActiveCfg = Debug|Any CPU
		{9A9AADE7-C3FD-4444-B0DC-76EDBCDBAB86}.Debug|x86.Build.0 = Debug|Any CPU
		{9A9AADE7-C3FD-4444-B0DC-76EDBCDBAB86}.Release|Any CPU.ActiveCfg = Release|Any CPU
		{9A9AADE7-C3FD-4444-B0DC-76EDBCDBAB86}.Release|Any CPU.Build.0 = Release|Any CPU
		{9A9AADE7-C3FD-4444-B0DC-76EDBCDBAB86}.Release|x64.ActiveCfg = Release|Any CPU
		{9A9AADE7-C3FD-4444-B0DC-76EDBCDBAB86}.Release|x64.Build.0 = Release|Any CPU
		{9A9AADE7-C3FD-4444-B0DC-76EDBCDBAB86}.Release|x86.ActiveCfg = Release|Any CPU
		{9A9AADE7-C3FD-4444-B0DC-76EDBCDBAB86}.Release|x86.Build.0 = Release|Any CPU
		{27AE4AA0-DA35-43C8-B254-465D54DE3C01}.Debug|Any CPU.ActiveCfg = Debug|Any CPU
		{27AE4AA0-DA35-43C8-B254-465D54DE3C01}.Debug|Any CPU.Build.0 = Debug|Any CPU
		{27AE4AA0-DA35-43C8-B254-465D54DE3C01}.Debug|x64.ActiveCfg = Debug|Any CPU
		{27AE4AA0-DA35-43C8-B254-465D54DE3C01}.Debug|x64.Build.0 = Debug|Any CPU
		{27AE4AA0-DA35-43C8-B254-465D54DE3C01}.Debug|x86.ActiveCfg = Debug|Any CPU
		{27AE4AA0-DA35-43C8-B254-465D54DE3C01}.Debug|x86.Build.0 = Debug|Any CPU
		{27AE4AA0-DA35-43C8-B254-465D54DE3C01}.Release|Any CPU.ActiveCfg = Release|Any CPU
		{27AE4AA0-DA35-43C8-B254-465D54DE3C01}.Release|Any CPU.Build.0 = Release|Any CPU
		{27AE4AA0-DA35-43C8-B254-465D54DE3C01}.Release|x64.ActiveCfg = Release|Any CPU
		{27AE4AA0-DA35-43C8-B254-465D54DE3C01}.Release|x64.Build.0 = Release|Any CPU
		{27AE4AA0-DA35-43C8-B254-465D54DE3C01}.Release|x86.ActiveCfg = Release|Any CPU
		{27AE4AA0-DA35-43C8-B254-465D54DE3C01}.Release|x86.Build.0 = Release|Any CPU
	EndGlobalSection
	GlobalSection(SolutionProperties) = preSolution
		HideSolutionNode = FALSE
	EndGlobalSection
	GlobalSection(NestedProjects) = preSolution
		{6306A8FB-679E-111F-6585-8F70E0EE6013} = {827E0CD3-B72D-47B6-A68D-7590B98EB39B}
		{33BFF0E2-7BF8-47F6-9EE2-DA460E88B175} = {6306A8FB-679E-111F-6585-8F70E0EE6013}
		{C8E42992-5E42-0C2B-DBFE-AA848D06431C} = {827E0CD3-B72D-47B6-A68D-7590B98EB39B}
		{2D51CE95-F452-4DD1-82CD-78125E7EF020} = {C8E42992-5E42-0C2B-DBFE-AA848D06431C}
		{984BB9B3-3FA3-BE33-9484-CAC21695A33C} = {827E0CD3-B72D-47B6-A68D-7590B98EB39B}
		{A52FF9A7-1006-A729-7F26-021652E10080} = {984BB9B3-3FA3-BE33-9484-CAC21695A33C}
		{88DAF9F5-D400-42D0-A1B6-7DBF108E09D3} = {A52FF9A7-1006-A729-7F26-021652E10080}
		{C956A69C-8222-8E0F-7E05-45145B4D88F9} = {984BB9B3-3FA3-BE33-9484-CAC21695A33C}
		{FB1FF16F-35A9-45BB-BE75-782266D696D6} = {C956A69C-8222-8E0F-7E05-45145B4D88F9}
		{4D0BF751-9970-891D-8F71-4478B7F5662F} = {984BB9B3-3FA3-BE33-9484-CAC21695A33C}
		{3D66A6E3-B415-49AE-9E8F-014ACCBB9A5B} = {4D0BF751-9970-891D-8F71-4478B7F5662F}
		{A721E1B4-BA65-BF24-11F9-4498FD51A5DE} = {984BB9B3-3FA3-BE33-9484-CAC21695A33C}
		{8938D0EB-271A-4873-AC26-3A25F2194CDC} = {A721E1B4-BA65-BF24-11F9-4498FD51A5DE}
		{C6775C92-6EBC-96F9-E829-0A813396CD78} = {984BB9B3-3FA3-BE33-9484-CAC21695A33C}
		{6BFAAA98-2E45-4345-A5EC-91762146D3F2} = {C6775C92-6EBC-96F9-E829-0A813396CD78}
		{A1520A7D-C466-13D3-C66B-F11C279F3B6E} = {984BB9B3-3FA3-BE33-9484-CAC21695A33C}
		{822CA19F-4D72-42AF-9434-FE0CCEC7204F} = {A1520A7D-C466-13D3-C66B-F11C279F3B6E}
		{9CC551B7-1AAF-A9B2-EB48-5B20860C10E0} = {984BB9B3-3FA3-BE33-9484-CAC21695A33C}
		{9F510A39-174F-4A73-960C-698A65CFB574} = {9CC551B7-1AAF-A9B2-EB48-5B20860C10E0}
		{97BAD43A-F2C2-7529-1CCA-3E67E9507A1D} = {984BB9B3-3FA3-BE33-9484-CAC21695A33C}
		{ACC7353C-A5A7-4C23-9808-599A75C1E2F7} = {97BAD43A-F2C2-7529-1CCA-3E67E9507A1D}
		{A8F23D7E-1B2C-4F5E-9D89-3C4B5A6E7F80} = {984BB9B3-3FA3-BE33-9484-CAC21695A33C}
		{B9E42F1A-2C3D-4E5F-8A90-1D2E3F4A5B6C} = {A8F23D7E-1B2C-4F5E-9D89-3C4B5A6E7F80}
		{D5A21E8F-3B4C-5F6E-9E12-4C5D6A7B8C9D} = {984BB9B3-3FA3-BE33-9484-CAC21695A33C}
		{E6B32F2A-4D5E-6F7A-AB23-5D6E7F8A9B0C} = {D5A21E8F-3B4C-5F6E-9E12-4C5D6A7B8C9D}
		{BF25C9B7-B4D0-EFC7-743D-2BCB012DDE90} = {984BB9B3-3FA3-BE33-9484-CAC21695A33C}
		{7C33ED57-9A2D-503C-765B-9E14DAEE6459} = {BF25C9B7-B4D0-EFC7-743D-2BCB012DDE90}
		{C29A0CAC-8475-D999-CF9C-F111D5791B99} = {7C33ED57-9A2D-503C-765B-9E14DAEE6459}
		{C74AEFB1-4413-4715-965F-43121529138B} = {C29A0CAC-8475-D999-CF9C-F111D5791B99}
		{BD11CE8C-60D3-C5F5-04F7-9D4C204C16C4} = {7C33ED57-9A2D-503C-765B-9E14DAEE6459}
		{1F058D04-2007-4BB7-9717-2BCB1AD906CB} = {BD11CE8C-60D3-C5F5-04F7-9D4C204C16C4}
		{3ABFB6D8-5D88-1CA8-4A8C-8F0183238F65} = {7C33ED57-9A2D-503C-765B-9E14DAEE6459}
		{9A9AADE7-C3FD-4444-B0DC-76EDBCDBAB86} = {3ABFB6D8-5D88-1CA8-4A8C-8F0183238F65}
		{3F43EC32-C572-8A44-C4AA-50E8FA13E3EB} = {7C33ED57-9A2D-503C-765B-9E14DAEE6459}
		{27AE4AA0-DA35-43C8-B254-465D54DE3C01} = {3F43EC32-C572-8A44-C4AA-50E8FA13E3EB}
	EndGlobalSection
EndGlobal
